
Microsoft Visual Studio Solution File, Format Version 12.00
# Visual Studio Version 17
VisualStudioVersion = 17.7.34018.315
MinimumVisualStudioVersion = 10.0.40219.1
Project("{FAE04EC0-301F-11D3-BF4B-00C04F79EFBC}") = "AddressBookApp", "AddressBookApp\AddressBookApp.csproj", "{83FD269D-3A2F-4246-A3E2-1A484F2A32A5}"
EndProject
Project("{FAE04EC0-301F-11D3-BF4B-00C04F79EFBC}") = "AddressBookApp.Test", "AddressBookApp.Test\AddressBookApp.Test.csproj", "{BB022D4B-FBAC-492F-8B05-E6EA6BE7F9E1}"
EndProject
Global
	GlobalSection(SolutionConfigurationPlatforms) = preSolution
		Debug|Any CPU = Debug|Any CPU
		Release|Any CPU = Release|Any CPU
	EndGlobalSection
	GlobalSection(ProjectConfigurationPlatforms) = postSolution
		{83FD269D-3A2F-4246-A3E2-1A484F2A32A5}.Debug|Any CPU.ActiveCfg = Debug|Any CPU
		{83FD269D-3A2F-4246-A3E2-1A484F2A32A5}.Debug|Any CPU.Build.0 = Debug|Any CPU
		{83FD269D-3A2F-4246-A3E2-1A484F2A32A5}.Release|Any CPU.ActiveCfg = Release|Any CPU
		{83FD269D-3A2F-4246-A3E2-1A484F2A32A5}.Release|Any CPU.Build.0 = Release|Any CPU
		{BB022D4B-FBAC-492F-8B05-E6EA6BE7F9E1}.Debug|Any CPU.ActiveCfg = Debug|Any CPU
		{BB022D4B-FBAC-492F-8B05-E6EA6BE7F9E1}.Debug|Any CPU.Build.0 = Debug|Any CPU
		{BB022D4B-FBAC-492F-8B05-E6EA6BE7F9E1}.Release|Any CPU.ActiveCfg = Release|Any CPU
		{BB022D4B-FBAC-492F-8B05-E6EA6BE7F9E1}.Release|Any CPU.Build.0 = Release|Any CPU
	EndGlobalSection
	GlobalSection(SolutionProperties) = preSolution
		HideSolutionNode = FALSE
	EndGlobalSection
	GlobalSection(ExtensibilityGlobals) = postSolution
		SolutionGuid = {802F1443-489D-4236-8C00-334C19CD0071}
	EndGlobalSection
EndGlobal
